
Microsoft Visual Studio Solution File, Format Version 12.00
# Visual Studio Version 16
VisualStudioVersion = 16.0.31729.503
MinimumVisualStudioVersion = 10.0.40219.1
Project("{8BC9CEB8-8B4A-11D0-8D11-00A0C91BC942}") = "02.SalesPrediction", "02.SalesPrediction\02.SalesPrediction.vcxproj", "{A13D98CA-C170-4881-B8D5-489C1070FC8C}"
EndProject
Global
	GlobalSection(SolutionConfigurationPlatforms) = preSolution
		Debug|x64 = Debug|x64
		Debug|x86 = Debug|x86
		Release|x64 = Release|x64
		Release|x86 = Release|x86
	EndGlobalSection
	GlobalSection(ProjectConfigurationPlatforms) = postSolution
		{A13D98CA-C170-4881-B8D5-489C1070FC8C}.Debug|x64.ActiveCfg = Debug|x64
		{A13D98CA-C170-4881-B8D5-489C1070FC8C}.Debug|x64.Build.0 = Debug|x64
		{A13D98CA-C170-4881-B8D5-489C1070FC8C}.Debug|x86.ActiveCfg = Debug|Win32
		{A13D98CA-C170-4881-B8D5-489C1070FC8C}.Debug|x86.Build.0 = Debug|Win32
		{A13D98CA-C170-4881-B8D5-489C1070FC8C}.Release|x64.ActiveCfg = Release|x64
		{A13D98CA-C170-4881-B8D5-489C1070FC8C}.Release|x64.Build.0 = Release|x64
		{A13D98CA-C170-4881-B8D5-489C1070FC8C}.Release|x86.ActiveCfg = Release|Win32
		{A13D98CA-C170-4881-B8D5-489C1070FC8C}.Release|x86.Build.0 = Release|Win32
	EndGlobalSection
	GlobalSection(SolutionProperties) = preSolution
		HideSolutionNode = FALSE
	EndGlobalSection
	GlobalSection(ExtensibilityGlobals) = postSolution
		SolutionGuid = {5CB79663-38E7-422A-8AF3-D2F44E7901A8}
	EndGlobalSection
EndGlobal
